
Microsoft Visual Studio Solution File, Format Version 12.00
# Visual Studio Version 17
VisualStudioVersion = 17.7.34009.444
MinimumVisualStudioVersion = 10.0.40219.1
Project("{9A19103F-16F7-4668-BE54-9A1E7A4F7556}") = "Rubiconmp.Api.Host", "Rubiconmp.Api.Host\Rubiconmp.Api.Host.csproj", "{5D80263A-9168-44BE-9248-0CCBB6BD3535}"
EndProject
Project("{9A19103F-16F7-4668-BE54-9A1E7A4F7556}") = "Rubiconmp.Api.Dtos", "Rubiconmp.Api.Dtos\Rubiconmp.Api.Dtos.csproj", "{FA2D6E91-F948-4F19-8297-8C199109FBB6}"
EndProject
Project("{9A19103F-16F7-4668-BE54-9A1E7A4F7556}") = "Rubiconmp.Api.Application", "Rubiconmp.Api.Application\Rubiconmp.Api.Application.csproj", "{082BF560-8490-40B4-BCAC-D136158F40DF}"
EndProject
Project("{9A19103F-16F7-4668-BE54-9A1E7A4F7556}") = "Rubiconmp.Api.DataLayer", "Rubiconmp.Api.DataLayer\Rubiconmp.Api.DataLayer.csproj", "{ECBCFAC4-795E-4C12-BBBD-05A848CA3C89}"
EndProject
Project("{9A19103F-16F7-4668-BE54-9A1E7A4F7556}") = "Rubiconmp.Common", "Rubiconmp.Common\Rubiconmp.Common.csproj", "{FAA844FC-F3DB-45F4-A4EF-75785D8E814F}"
EndProject
Global
	GlobalSection(SolutionConfigurationPlatforms) = preSolution
		Debug|Any CPU = Debug|Any CPU
		Release|Any CPU = Release|Any CPU
	EndGlobalSection
	GlobalSection(ProjectConfigurationPlatforms) = postSolution
		{5D80263A-9168-44BE-9248-0CCBB6BD3535}.Debug|Any CPU.ActiveCfg = Debug|Any CPU
		{5D80263A-9168-44BE-9248-0CCBB6BD3535}.Debug|Any CPU.Build.0 = Debug|Any CPU
		{5D80263A-9168-44BE-9248-0CCBB6BD3535}.Release|Any CPU.ActiveCfg = Release|Any CPU
		{5D80263A-9168-44BE-9248-0CCBB6BD3535}.Release|Any CPU.Build.0 = Release|Any CPU
		{FA2D6E91-F948-4F19-8297-8C199109FBB6}.Debug|Any CPU.ActiveCfg = Debug|Any CPU
		{FA2D6E91-F948-4F19-8297-8C199109FBB6}.Debug|Any CPU.Build.0 = Debug|Any CPU
		{FA2D6E91-F948-4F19-8297-8C199109FBB6}.Release|Any CPU.ActiveCfg = Release|Any CPU
		{FA2D6E91-F948-4F19-8297-8C199109FBB6}.Release|Any CPU.Build.0 = Release|Any CPU
		{082BF560-8490-40B4-BCAC-D136158F40DF}.Debug|Any CPU.ActiveCfg = Debug|Any CPU
		{082BF560-8490-40B4-BCAC-D136158F40DF}.Debug|Any CPU.Build.0 = Debug|Any CPU
		{082BF560-8490-40B4-BCAC-D136158F40DF}.Release|Any CPU.ActiveCfg = Release|Any CPU
		{082BF560-8490-40B4-BCAC-D136158F40DF}.Release|Any CPU.Build.0 = Release|Any CPU
		{ECBCFAC4-795E-4C12-BBBD-05A848CA3C89}.Debug|Any CPU.ActiveCfg = Debug|Any CPU
		{ECBCFAC4-795E-4C12-BBBD-05A848CA3C89}.Debug|Any CPU.Build.0 = Debug|Any CPU
		{ECBCFAC4-795E-4C12-BBBD-05A848CA3C89}.Release|Any CPU.ActiveCfg = Release|Any CPU
		{ECBCFAC4-795E-4C12-BBBD-05A848CA3C89}.Release|Any CPU.Build.0 = Release|Any CPU
		{FAA844FC-F3DB-45F4-A4EF-75785D8E814F}.Debug|Any CPU.ActiveCfg = Debug|Any CPU
		{FAA844FC-F3DB-45F4-A4EF-75785D8E814F}.Debug|Any CPU.Build.0 = Debug|Any CPU
		{FAA844FC-F3DB-45F4-A4EF-75785D8E814F}.Release|Any CPU.ActiveCfg = Release|Any CPU
		{FAA844FC-F3DB-45F4-A4EF-75785D8E814F}.Release|Any CPU.Build.0 = Release|Any CPU
	EndGlobalSection
	GlobalSection(SolutionProperties) = preSolution
		HideSolutionNode = FALSE
	EndGlobalSection
	GlobalSection(ExtensibilityGlobals) = postSolution
		SolutionGuid = {A6BAB8A3-BAB7-473D-AFFA-A8F18AF7AC08}
	EndGlobalSection
EndGlobal
